{
  "version": 4,
  "terraform_version": "1.5.7",
  "serial": 46,
  "lineage": "542687e8-a06e-478d-803a-f98cef57fbe7",
  "outputs": {
    "database_host": {
      "value": "shopmefy-db-b977cbd9.cy3eqmgqwvsg.us-east-1.rds.amazonaws.com",
      "type": "string",
      "sensitive": true
    },
    "database_password": {
      "value": "u5jK\u0026!lQ*HBp_q=f",
      "type": "string",
      "sensitive": true
    },
    "database_url": {
      "value": "postgresql://shopmefy:u5jK\u0026!lQ*HBp_q=f@shopmefy-db-b977cbd9.cy3eqmgqwvsg.us-east-1.rds.amazonaws.com:5432/shopmefy",
      "type": "string",
      "sensitive": true
    },
    "destroy_plan": {
      "value": {
        "flags": {
          "ec2": true,
          "eip": true,
          "rds": true,
          "s3": false,
          "security_groups": true
        },
        "note": "Use -var flags to control destruction: terraform destroy -var='destroy_s3=true'",
        "summary": [
          "ec2: ✅ WILL DESTROY",
          "eip: ✅ WILL DESTROY",
          "rds: ✅ WILL DESTROY",
          "s3: ❌ WILL KEEP",
          "security_groups: ✅ WILL DESTROY"
        ]
      },
      "type": [
        "object",
        {
          "flags": [
            "object",
            {
              "ec2": "bool",
              "eip": "bool",
              "rds": "bool",
              "s3": "bool",
              "security_groups": "bool"
            }
          ],
          "note": "string",
          "summary": [
            "tuple",
            [
              "string",
              "string",
              "string",
              "string",
              "string"
            ]
          ]
        }
      ]
    },
    "s3_bucket_name": {
      "value": "shopmefy-deployments-b977cbd9",
      "type": "string"
    },
    "ssh_command": {
      "value": "ssh -i shopmefy-key-b977cbd9.pem ubuntu@52.20.128.220",
      "type": "string"
    },
    "ssh_private_key": {
      "value": "-----BEGIN RSA PRIVATE KEY-----\nMIIJKQIBAAKCAgEA4VIWIuTIZ/QpcH0UhfkJ/eiCRE+snJtQNVx+c1//1GGvv/06\nbNmr4Qe6syvrcVBkdiPA5FBTacHJRFj8vru/tG7yUiZczSXf65Z5lbqc2JrjccVC\n8OAy0DXTIutf3RSN1kqKMhLfz1qhq5i1FuUsXQRpAZXLulFGeKUWIQo238Xtg+5O\nHffj733fkEt6BYiB5Bbc+KkYg2hC1+FOe1+rFDPIUA0Ipw9dRI1Vj9O2B+jhSqwz\nL7A/cQxVkn1eVCmFQqPpGJeIJ+w3pMDWEAM/EC802Zs97j+bzCyX/lz/+84NA5Bd\nsPbERG7xlaORGriiN8iSEQl6/L5kvk2Zhe+Hd8VkMhh7TMax1eIU5ICYsm/s2CUa\npbQ/RVmSuEtITMgJcLvDfpPG67d6jbGfa1iObgrRpLWQYLVgunNofLBV9yNN415t\nFuZzO/Dea8w5eEDF8ZKHIrO9w5iZo8Xa0vcW6/9Yji76zvoJ2QOIG5bYS6x/X64t\nefyVinXCbMNIDKzc/CcyKElTzxxzhWWx5nGM9gIaKr+8oqR1IEfk+Rt6rog2k4I3\nfKbz/LLPs0OOyapQdC95WJaOcVLB9OTrJ4A1LVrqbcqcLzFQIBqVmvJ1LHw9UfYY\nPW2dwpqxX84panHCpomNPNSlLvacArGjE0vcoSUQh3xXUmY+DU9a/qK4VjECAwEA\nAQKCAgAIg64Tdnq+NuND/W4DnAQNJLabdzlKF7JhudOLb5K+x0w5YIvPJjCRCdY7\nxAqbFxMcxcAZwJFOW0TMQOKYIIcffdvJT+rM08QQ5nhEuK8Jnly+5VnguVAiPw5x\n8NwIAilT8jAjsUPk1YNrdRNOwK06/JotNahjq4OStoZODFFDhnqxtBUem8nwuFx0\n2u1K/TwPTu/ds6IaARwZhUmObvCLjGNi5wMvMOzw1LhpfXIQ/XNZ+4TZpfrXvkQT\ni4o/euwutvvtcnhyLcJyhtjv9PdymJ4SJQQjlyK/heXedkw0CzbBrjhkIgcLoPef\nFHW8wUJcAkfGvgl4OIedC1ikT4daZJ1EwMsdh4/Pxq5MMTr2cr6D4OwSdaByMGF6\nruzmi+DLc1MC5FFo7Ai7PZvxU5JNkwCPyFNiBmRhm542s4Qh0MmquimmxY0mLxBX\nMQ5cPGjYYpLp35UWGcaEBDd9l03zFIe7pXB4xzkaR5mLMvnzcXo9XxfFKJZdmS5r\nS5esr7z4orIoic9xE0eEE/iPuChWYU5BSsFGaSGlCbTuX8XU0DbZe6D2f4X4ZmC/\nuFsbi5wCf7b+t8PkYpQtRsH6f43GfTIpv/Ey9kKUae79z4HqmukMqpk19w+9w3+P\nPd537eTnnwzuR61T9lcpDsZpbt8aq+IJLDNkWp77w8A1XE62AQKCAQEA469fNMPi\nUTimnQAf1JDPceT3Q7JLb7/B40Bshkj49FAzOXhH6zuu4m/bGmyX5cIpMDPqhaoT\n1370lISyMDUi0iuz9oYy2zzTiDF+hL1EMqPUv/ws+u1c2WN9o+Q3MfIqMyAR4Dy/\nXndQB2R59slmxKyueYQ6J6SXRoNruX2MptyvVMVRkA4HfRnS/pDEAfWoVb1mLrbo\nepPaf08oS1nAWRJ1kZrMVhUgzFMutNFaSsWiev9kyAikQ4NvhnQvTG24h05GXIiU\n08D1pdg3rBRsn5Y8fY/oystLuAISDBOJvlPYVK7Eq4NN2OD+N4xuTGv+mTByX0ZH\nzZVXQQv6/8nHQQKCAQEA/Vdw8DzwTpICt6k5HgikvbzEJk9ZURFJYpydFMqpmMQ3\nI6k1LVhn1zJdK58QEw/2XQFmXUM/MXe2rNMde/V7eiyFU0qz9Hqb3bCR9gXdPyy6\nuyZieCjD5iutoQGjLq6QO6y1dE5LLmyY71bfcH3fOj424fL6o6Fi33D8l5GDcZhF\nAAiLQ//cU1zdTa+CZNWh9UbyQXiOV/pf2Tszt/hZHhFi5BwUy2vDNc8Mymc7t3RF\n3x4qTvNcBo36IlPma0Lt7fQ7eSSDoL8cwgUaPjAnMyinALzJASChqBdfzcvia7XE\nwKyBth7DiM+ZVr0NKszxAb/TI1BZ1FJApzK7BCVC8QKCAQEApISk26CrGJtBsPJV\nDahxbM/QZ0cewSmjNMzpXgK+ePK2gNFLzkq67H18qVRMUcWBM4Zf8KNbYPwoSGS1\nyKWseob/q6N+ffIuuxtgWxPTgm/lG7Bg5BO9YotETrdptppQKc8De68JbH30AtN0\nWYFf078e90k3KEwCzv3JSifRCQUvX6aQb/HjMV8GmdELAIt8Ti/j9N9PjrrlR9Zv\nvDqnBPWUpFhhS9ZKc7mrZxZbEupJpGyEaxHrd6kyXcn4H1as3oAN0XETcQrdtS9N\n0vaTIqFRJj1lLZvGI7jDR5yajD9TcqUyEOh4yLySlJrRXEEwn4plKjjDS2acvLCm\ndktbwQKCAQEAhMDbV6g3LJTqg59TZN+WpC5Ugta1sPtj/x6eWZTRRlIbqr4yNW7M\nC0JC/Ga/n52PtbDUGS7x4FQhD3MZUimS6LSHsNvGbOgK4SJzef4cr8walZNJqjmC\nXgypUWNwRTgIMJ0SAL4+OzeA9HoLYAE1hmmvjLssh648B2ZHlo0T2eS204umnp1m\nsPBKrzi3FWu1ELh6ncA0pvl2XHjfYxnqaQ0nSu1EIEx54Kp8w1tROZLeQkqmVPTF\nVlHzryVT6wUJdNW0jIiLySIcSbcux0OoZvB4grRqiAK3c0O8WjTqkxKO5YAAAJUi\nVYCjk4ZBbhoyeH4yf6DNUatAYdz9jvCPoQKCAQB37e1o/E9JMKHtMNW2bF8r2IjC\neI3O8KaUIdvmxBZNXFT1yEAi5v5verkP5FMBU532sIioKEywnVJTLcut+9UxKCUv\nwmfHNK4o87v8frfAHmIxVTNntTMD+upa4fcURTZcJfF5YH73ToV5H27GbFz3k/63\nghfqp6rxdWmkNZE+fg7KhIvieKqrfBpVtPsqIBCmERyNsheP1ZO+09px+RcRg4dp\nVDP4ENo4sGMcEUln2bd5jkdiX/RZzJVQddQ//tHyiFzD1Xo37UsRqe836LCMXeXx\nrOY5swBUVLX3ExlO5VSv1YWAP7+7nmbnk6KQfxAgMoZ0o/UZ5QZRnIfHdqXw\n-----END RSA PRIVATE KEY-----\n",
      "type": "string",
      "sensitive": true
    },
    "web_public_ip": {
      "value": "52.20.128.220",
      "type": "string"
    }
  },
  "resources": [
    {
      "mode": "data",
      "type": "aws_ami",
      "name": "ubuntu",
      "provider": "provider[\"registry.terraform.io/hashicorp/aws\"]",
      "instances": [
        {
          "schema_version": 0,
          "attributes": {
            "architecture": "x86_64",
            "arn": "arn:aws:ec2:us-east-1::image/ami-054d6a336762e438e",
            "block_device_mappings": [
              {
                "device_name": "/dev/sda1",
                "ebs": {
                  "delete_on_termination": "true",
                  "encrypted": "false",
                  "iops": "0",
                  "snapshot_id": "snap-00487d956ad1fa833",
                  "throughput": "0",
                  "volume_initialization_rate": "0",
                  "volume_size": "8",
                  "volume_type": "gp2"
                },
                "no_device": "",
                "virtual_name": ""
              },
              {
                "device_name": "/dev/sdb",
                "ebs": {},
                "no_device": "",
                "virtual_name": "ephemeral0"
              },
              {
                "device_name": "/dev/sdc",
                "ebs": {},
                "no_device": "",
                "virtual_name": "ephemeral1"
              }
            ],
            "boot_mode": "legacy-bios",
            "creation_date": "2025-06-03T15:17:26.000Z",
            "deprecation_time": "2027-06-03T15:17:26.000Z",
            "description": "Canonical, Ubuntu, 20.04, amd64 focal image",
            "ena_support": true,
            "executable_users": null,
            "filter": [
              {
                "name": "name",
                "values": [
                  "ubuntu/images/hvm-ssd/ubuntu-*-amd64-server-*"
                ]
              },
              {
                "name": "virtualization-type",
                "values": [
                  "hvm"
                ]
              }
            ],
            "hypervisor": "xen",
            "id": "ami-054d6a336762e438e",
            "image_id": "ami-054d6a336762e438e",
            "image_location": "amazon/ubuntu/images/hvm-ssd/ubuntu-focal-20.04-amd64-server-20250603",
            "image_owner_alias": "amazon",
            "image_type": "machine",
            "imds_support": "",
            "include_deprecated": false,
            "kernel_id": "",
            "last_launched_time": "",
            "most_recent": true,
            "name": "ubuntu/images/hvm-ssd/ubuntu-focal-20.04-amd64-server-20250603",
            "name_regex": null,
            "owner_id": "099720109477",
            "owners": [
              "099720109477"
            ],
            "platform": "",
            "platform_details": "Linux/UNIX",
            "product_codes": [],
            "public": true,
            "ramdisk_id": "",
            "root_device_name": "/dev/sda1",
            "root_device_type": "ebs",
            "root_snapshot_id": "snap-00487d956ad1fa833",
            "sriov_net_support": "simple",
            "state": "available",
            "state_reason": {
              "code": "UNSET",
              "message": "UNSET"
            },
            "tags": {},
            "timeouts": null,
            "tpm_support": "",
            "uefi_data": null,
            "usage_operation": "RunInstances",
            "virtualization_type": "hvm"
          },
          "sensitive_attributes": []
        }
      ]
    },
    {
      "mode": "data",
      "type": "aws_availability_zones",
      "name": "available",
      "provider": "provider[\"registry.terraform.io/hashicorp/aws\"]",
      "instances": [
        {
          "schema_version": 0,
          "attributes": {
            "all_availability_zones": null,
            "exclude_names": null,
            "exclude_zone_ids": null,
            "filter": null,
            "group_names": [
              "us-east-1-zg-1"
            ],
            "id": "us-east-1",
            "names": [
              "us-east-1a",
              "us-east-1b",
              "us-east-1c",
              "us-east-1d",
              "us-east-1e",
              "us-east-1f"
            ],
            "state": "available",
            "timeouts": null,
            "zone_ids": [
              "use1-az4",
              "use1-az6",
              "use1-az1",
              "use1-az2",
              "use1-az3",
              "use1-az5"
            ]
          },
          "sensitive_attributes": []
        }
      ]
    },
    {
      "mode": "data",
      "type": "aws_subnet",
      "name": "public_1",
      "provider": "provider[\"registry.terraform.io/hashicorp/aws\"]",
      "instances": [
        {
          "schema_version": 0,
          "attributes": {
            "arn": "arn:aws:ec2:us-east-1:006217752970:subnet/subnet-0c27ae763d54e7dbf",
            "assign_ipv6_address_on_creation": false,
            "availability_zone": "us-east-1a",
            "availability_zone_id": "use1-az4",
            "available_ip_address_count": 250,
            "cidr_block": "172.31.100.0/24",
            "customer_owned_ipv4_pool": "",
            "default_for_az": false,
            "enable_dns64": false,
            "enable_lni_at_device_index": 0,
            "enable_resource_name_dns_a_record_on_launch": false,
            "enable_resource_name_dns_aaaa_record_on_launch": false,
            "filter": null,
            "id": "subnet-0c27ae763d54e7dbf",
            "ipv6_cidr_block": "",
            "ipv6_cidr_block_association_id": "",
            "ipv6_native": false,
            "map_customer_owned_ip_on_launch": false,
            "map_public_ip_on_launch": true,
            "outpost_arn": "",
            "owner_id": "006217752970",
            "private_dns_hostname_type_on_launch": "ip-name",
            "state": "available",
            "tags": {
              "Name": "shopmefy-public-1",
              "Owner": "Andrea",
              "Project": "ShopMefy"
            },
            "timeouts": null,
            "vpc_id": "vpc-06ab86a4c7eb298a1"
          },
          "sensitive_attributes": []
        }
      ]
    },
    {
      "mode": "data",
      "type": "aws_subnets",
      "name": "default",
      "provider": "provider[\"registry.terraform.io/hashicorp/aws\"]",
      "instances": [
        {
          "schema_version": 0,
          "attributes": {
            "filter": [
              {
                "name": "vpc-id",
                "values": [
                  "vpc-06ab86a4c7eb298a1"
                ]
              }
            ],
            "id": "us-east-1",
            "ids": [
              "subnet-0c27ae763d54e7dbf"
            ],
            "tags": null,
            "timeouts": null
          },
          "sensitive_attributes": []
        }
      ]
    },
    {
      "mode": "data",
      "type": "aws_vpc",
      "name": "default",
      "provider": "provider[\"registry.terraform.io/hashicorp/aws\"]",
      "instances": [
        {
          "schema_version": 0,
          "attributes": {
            "arn": "arn:aws:ec2:us-east-1:006217752970:vpc/vpc-06ab86a4c7eb298a1",
            "cidr_block": "172.31.0.0/16",
            "cidr_block_associations": [
              {
                "association_id": "vpc-cidr-assoc-01aab62cd80218911",
                "cidr_block": "172.31.0.0/16",
                "state": "associated"
              }
            ],
            "default": true,
            "dhcp_options_id": "dopt-0a20e8d3595b60a61",
            "enable_dns_hostnames": true,
            "enable_dns_support": true,
            "enable_network_address_usage_metrics": false,
            "filter": null,
            "id": "vpc-06ab86a4c7eb298a1",
            "instance_tenancy": "default",
            "ipv6_association_id": "",
            "ipv6_cidr_block": "",
            "main_route_table_id": "rtb-049763a24cd53e4c7",
            "owner_id": "006217752970",
            "state": null,
            "tags": {},
            "timeouts": null
          },
          "sensitive_attributes": []
        }
      ]
    },
    {
      "mode": "managed",
      "type": "aws_db_instance",
      "name": "postgres",
      "provider": "provider[\"registry.terraform.io/hashicorp/aws\"]",
      "instances": [
        {
          "status": "tainted",
          "schema_version": 2,
          "attributes": {
            "address": null,
            "allocated_storage": 20,
            "allow_major_version_upgrade": null,
            "apply_immediately": false,
            "arn": null,
            "auto_minor_version_upgrade": true,
            "availability_zone": null,
            "backup_retention_period": 1,
            "backup_target": null,
            "backup_window": null,
            "blue_green_update": [],
            "ca_cert_identifier": null,
            "character_set_name": null,
            "copy_tags_to_snapshot": false,
            "custom_iam_instance_profile": null,
            "customer_owned_ip_enabled": null,
            "database_insights_mode": null,
            "db_name": "shopmefy",
            "db_subnet_group_name": "shopmefy-db-subnet-group-b977cbd9",
            "dedicated_log_volume": false,
            "delete_automated_backups": true,
            "deletion_protection": false,
            "domain": null,
            "domain_auth_secret_arn": null,
            "domain_dns_ips": null,
            "domain_fqdn": null,
            "domain_iam_role_name": null,
            "domain_ou": null,
            "enabled_cloudwatch_logs_exports": null,
            "endpoint": null,
            "engine": "postgres",
            "engine_lifecycle_support": null,
            "engine_version": "15.7",
            "engine_version_actual": null,
            "final_snapshot_identifier": null,
            "hosted_zone_id": null,
            "iam_database_authentication_enabled": null,
            "id": "db-SMDKRK3QZIV7VA2UW72UURVLMM",
            "identifier": "shopmefy-db-b977cbd9",
            "identifier_prefix": null,
            "instance_class": "db.t3.micro",
            "iops": null,
            "kms_key_id": null,
            "latest_restorable_time": null,
            "license_model": null,
            "listener_endpoint": null,
            "maintenance_window": null,
            "manage_master_user_password": null,
            "master_user_secret": null,
            "master_user_secret_kms_key_id": null,
            "max_allocated_storage": null,
            "monitoring_interval": 0,
            "monitoring_role_arn": null,
            "multi_az": null,
            "nchar_character_set_name": null,
            "network_type": null,
            "option_group_name": null,
            "parameter_group_name": null,
            "password": "u5jK\u0026!lQ*HBp_q=f",
            "password_wo": null,
            "password_wo_version": null,
            "performance_insights_enabled": false,
            "performance_insights_kms_key_id": null,
            "performance_insights_retention_period": null,
            "port": null,
            "publicly_accessible": false,
            "replica_mode": null,
            "replicas": null,
            "replicate_source_db": null,
            "resource_id": null,
            "restore_to_point_in_time": [],
            "s3_import": [],
            "skip_final_snapshot": true,
            "snapshot_identifier": null,
            "status": null,
            "storage_encrypted": null,
            "storage_throughput": null,
            "storage_type": "gp2",
            "tags": {
              "Name": "shopmefy-database"
            },
            "tags_all": {
              "Name": "shopmefy-database",
              "Owner": "Andrea",
              "Project": "ShopMefy"
            },
            "timeouts": null,
            "timezone": null,
            "upgrade_storage_config": null,
            "username": "shopmefy",
            "vpc_security_group_ids": [
              "sg-07ce0e682014a2c92"
            ]
          },
          "sensitive_attributes": [
            [
              {
                "type": "get_attr",
                "value": "password"
              }
            ]
          ],
          "private": "eyJlMmJmYjczMC1lY2FhLTExZTYtOGY4OC0zNDM2M2JjN2M0YzAiOnsiY3JlYXRlIjozMDAwMDAwMDAwMDAwLCJkZWxldGUiOjM2MDAwMDAwMDAwMDAsInVwZGF0ZSI6NDgwMDAwMDAwMDAwMH0sInNjaGVtYV92ZXJzaW9uIjoiMiJ9",
          "dependencies": [
            "aws_db_subnet_group.main",
            "aws_security_group.database",
            "aws_subnet.public_2",
            "data.aws_availability_zones.available",
            "data.aws_subnet.public_1",
            "data.aws_subnets.default",
            "data.aws_vpc.default",
            "random_id.bucket_suffix",
            "random_password.db_password"
          ]
        }
      ]
    },
    {
      "mode": "managed",
      "type": "aws_db_subnet_group",
      "name": "main",
      "provider": "provider[\"registry.terraform.io/hashicorp/aws\"]",
      "instances": [
        {
          "schema_version": 0,
          "attributes": {
            "arn": "arn:aws:rds:us-east-1:006217752970:subgrp:shopmefy-db-subnet-group-b977cbd9",
            "description": "Managed by Terraform",
            "id": "shopmefy-db-subnet-group-b977cbd9",
            "name": "shopmefy-db-subnet-group-b977cbd9",
            "name_prefix": "",
            "subnet_ids": [
              "subnet-0c27ae763d54e7dbf",
              "subnet-0cf767ed821fccfa8"
            ],
            "supported_network_types": [
              "IPV4"
            ],
            "tags": {
              "Name": "shopmefy-db-subnet-group"
            },
            "tags_all": {
              "Name": "shopmefy-db-subnet-group",
              "Owner": "Andrea",
              "Project": "ShopMefy"
            },
            "vpc_id": "vpc-06ab86a4c7eb298a1"
          },
          "sensitive_attributes": [],
          "private": "bnVsbA==",
          "dependencies": [
            "aws_subnet.public_2",
            "data.aws_availability_zones.available",
            "data.aws_subnet.public_1",
            "data.aws_subnets.default",
            "data.aws_vpc.default",
            "random_id.bucket_suffix"
          ]
        }
      ]
    },
    {
      "mode": "managed",
      "type": "aws_eip",
      "name": "web",
      "provider": "provider[\"registry.terraform.io/hashicorp/aws\"]",
      "instances": [
        {
          "schema_version": 0,
          "attributes": {
            "address": null,
            "allocation_id": "eipalloc-0e75e58d31e04c030",
            "arn": "arn:aws:ec2:us-east-1:006217752970:elastic-ip/eipalloc-0e75e58d31e04c030",
            "associate_with_private_ip": null,
            "association_id": "eipassoc-08cd9ea701282dd89",
            "carrier_ip": "",
            "customer_owned_ip": "",
            "customer_owned_ipv4_pool": "",
            "domain": "vpc",
            "id": "eipalloc-0e75e58d31e04c030",
            "instance": "i-034cb01e23c547a96",
            "ipam_pool_id": null,
            "network_border_group": "us-east-1",
            "network_interface": "eni-007e62e905169c3d6",
            "private_dns": "ip-172-31-100-231.ec2.internal",
            "private_ip": "172.31.100.231",
            "ptr_record": "",
            "public_dns": "ec2-52-20-128-220.compute-1.amazonaws.com",
            "public_ip": "52.20.128.220",
            "public_ipv4_pool": "amazon",
            "tags": {
              "Name": "shopmefy-eip"
            },
            "tags_all": {
              "Name": "shopmefy-eip",
              "Owner": "Andrea",
              "Project": "ShopMefy"
            },
            "timeouts": null,
            "vpc": true
          },
          "sensitive_attributes": [],
          "private": "eyJlMmJmYjczMC1lY2FhLTExZTYtOGY4OC0zNDM2M2JjN2M0YzAiOnsiZGVsZXRlIjoxODAwMDAwMDAwMDAsInJlYWQiOjkwMDAwMDAwMDAwMCwidXBkYXRlIjozMDAwMDAwMDAwMDB9fQ==",
          "dependencies": [
            "aws_instance.web",
            "aws_key_pair.main",
            "aws_security_group.web",
            "data.aws_ami.ubuntu",
            "data.aws_subnet.public_1"
          ]
        }
      ]
    },
    {
      "mode": "managed",
      "type": "aws_instance",
      "name": "web",
      "provider": "provider[\"registry.terraform.io/hashicorp/aws\"]",
      "instances": [
        {
          "schema_version": 1,
          "attributes": {
            "ami": "ami-054d6a336762e438e",
            "arn": "arn:aws:ec2:us-east-1:006217752970:instance/i-034cb01e23c547a96",
            "associate_public_ip_address": true,
            "availability_zone": "us-east-1a",
            "capacity_reservation_specification": [
              {
                "capacity_reservation_preference": "open",
                "capacity_reservation_target": []
              }
            ],
            "cpu_core_count": 1,
            "cpu_options": [
              {
                "amd_sev_snp": "",
                "core_count": 1,
                "threads_per_core": 2
              }
            ],
            "cpu_threads_per_core": 2,
            "credit_specification": [
              {
                "cpu_credits": "unlimited"
              }
            ],
            "disable_api_stop": false,
            "disable_api_termination": false,
            "ebs_block_device": [],
            "ebs_optimized": false,
            "enable_primary_ipv6": null,
            "enclave_options": [
              {
                "enabled": false
              }
            ],
            "ephemeral_block_device": [],
            "get_password_data": false,
            "hibernation": false,
            "host_id": "",
            "host_resource_group_arn": null,
            "iam_instance_profile": "",
            "id": "i-034cb01e23c547a96",
            "instance_initiated_shutdown_behavior": "stop",
            "instance_lifecycle": "",
            "instance_market_options": [],
            "instance_state": "running",
            "instance_type": "t3.micro",
            "ipv6_address_count": 0,
            "ipv6_addresses": [],
            "key_name": "shopmefy-key-b977cbd9",
            "launch_template": [],
            "maintenance_options": [
              {
                "auto_recovery": "default"
              }
            ],
            "metadata_options": [
              {
                "http_endpoint": "enabled",
                "http_protocol_ipv6": "disabled",
                "http_put_response_hop_limit": 1,
                "http_tokens": "optional",
                "instance_metadata_tags": "disabled"
              }
            ],
            "monitoring": false,
            "network_interface": [],
            "outpost_arn": "",
            "password_data": "",
            "placement_group": "",
            "placement_partition_number": 0,
            "primary_network_interface_id": "eni-007e62e905169c3d6",
            "private_dns": "ip-172-31-100-231.ec2.internal",
            "private_dns_name_options": [
              {
                "enable_resource_name_dns_a_record": false,
                "enable_resource_name_dns_aaaa_record": false,
                "hostname_type": "ip-name"
              }
            ],
            "private_ip": "172.31.100.231",
            "public_dns": "ec2-54-174-240-204.compute-1.amazonaws.com",
            "public_ip": "54.174.240.204",
            "root_block_device": [
              {
                "delete_on_termination": true,
                "device_name": "/dev/sda1",
                "encrypted": true,
                "iops": 3000,
                "kms_key_id": "arn:aws:kms:us-east-1:006217752970:key/aad292b6-87e6-48fd-b125-0b4fe1ccb81f",
                "tags": null,
                "tags_all": {
                  "Owner": "Andrea",
                  "Project": "ShopMefy"
                },
                "throughput": 125,
                "volume_id": "vol-09cce8633a698caef",
                "volume_size": 20,
                "volume_type": "gp3"
              }
            ],
            "secondary_private_ips": [],
            "security_groups": [
              "shopmefy-web-20250605121237185000000001"
            ],
            "source_dest_check": true,
            "spot_instance_request_id": "",
            "subnet_id": "subnet-0c27ae763d54e7dbf",
            "tags": {
              "Name": "shopmefy-web-server"
            },
            "tags_all": {
              "Name": "shopmefy-web-server",
              "Owner": "Andrea",
              "Project": "ShopMefy"
            },
            "tenancy": "default",
            "timeouts": null,
            "user_data": "c8bfe43e0c93ac4042b139c53d25fb1cf37700f7",
            "user_data_base64": null,
            "user_data_replace_on_change": false,
            "volume_tags": null,
            "vpc_security_group_ids": [
              "sg-053d1ee5f0daa724d"
            ]
          },
          "sensitive_attributes": [],
          "private": "eyJlMmJmYjczMC1lY2FhLTExZTYtOGY4OC0zNDM2M2JjN2M0YzAiOnsiY3JlYXRlIjo2MDAwMDAwMDAwMDAsImRlbGV0ZSI6MTIwMDAwMDAwMDAwMCwicmVhZCI6OTAwMDAwMDAwMDAwLCJ1cGRhdGUiOjYwMDAwMDAwMDAwMH0sInNjaGVtYV92ZXJzaW9uIjoiMSJ9",
          "dependencies": [
            "aws_key_pair.main",
            "aws_security_group.web",
            "data.aws_ami.ubuntu",
            "data.aws_subnet.public_1"
          ]
        }
      ]
    },
    {
      "mode": "managed",
      "type": "aws_key_pair",
      "name": "main",
      "provider": "provider[\"registry.terraform.io/hashicorp/aws\"]",
      "instances": [
        {
          "schema_version": 1,
          "attributes": {
            "arn": "arn:aws:ec2:us-east-1:006217752970:key-pair/shopmefy-key-b977cbd9",
            "fingerprint": "a3:6e:83:32:0a:ae:12:ef:c9:af:bb:14:5b:18:38:5f",
            "id": "shopmefy-key-b977cbd9",
            "key_name": "shopmefy-key-b977cbd9",
            "key_name_prefix": "",
            "key_pair_id": "key-06e429217e1b45c95",
            "key_type": "rsa",
            "public_key": "ssh-rsa AAAAB3NzaC1yc2EAAAADAQABAAACAQDhUhYi5Mhn9ClwfRSF+Qn96IJET6ycm1A1XH5zX//UYa+//Tps2avhB7qzK+txUGR2I8DkUFNpwclEWPy+u7+0bvJSJlzNJd/rlnmVupzYmuNxxULw4DLQNdMi61/dFI3WSooyEt/PWqGrmLUW5SxdBGkBlcu6UUZ4pRYhCjbfxe2D7k4d9+Pvfd+QS3oFiIHkFtz4qRiDaELX4U57X6sUM8hQDQinD11EjVWP07YH6OFKrDMvsD9xDFWSfV5UKYVCo+kYl4gn7DekwNYQAz8QLzTZmz3uP5vMLJf+XP/7zg0DkF2w9sREbvGVo5EauKI3yJIRCXr8vmS+TZmF74d3xWQyGHtMxrHV4hTkgJiyb+zYJRqltD9FWZK4S0hMyAlwu8N+k8brt3qNsZ9rWI5uCtGktZBgtWC6c2h8sFX3I03jXm0W5nM78N5rzDl4QMXxkocis73DmJmjxdrS9xbr/1iOLvrO+gnZA4gblthLrH9fri15/JWKdcJsw0gMrNz8JzIoSVPPHHOFZbHmcYz2Ahoqv7yipHUgR+T5G3quiDaTgjd8pvP8ss+zQ47JqlB0L3lYlo5xUsH05OsngDUtWuptypwvMVAgGpWa8nUsfD1R9hg9bZ3CmrFfzilqccKmiY081KUu9pwCsaMTS9yhJRCHfFdSZj4NT1r+orhWMQ==",
            "tags": {
              "Name": "shopmefy-keypair"
            },
            "tags_all": {
              "Name": "shopmefy-keypair",
              "Owner": "Andrea",
              "Project": "ShopMefy"
            }
          },
          "sensitive_attributes": [],
          "private": "eyJzY2hlbWFfdmVyc2lvbiI6IjEifQ==",
          "dependencies": [
            "random_id.bucket_suffix",
            "tls_private_key.main"
          ]
        }
      ]
    },
    {
      "mode": "managed",
      "type": "aws_s3_bucket",
      "name": "deployments",
      "provider": "provider[\"registry.terraform.io/hashicorp/aws\"]",
      "instances": [
        {
          "schema_version": 0,
          "attributes": {
            "acceleration_status": "",
            "acl": null,
            "arn": "arn:aws:s3:::shopmefy-deployments-b977cbd9",
            "bucket": "shopmefy-deployments-b977cbd9",
            "bucket_domain_name": "shopmefy-deployments-b977cbd9.s3.amazonaws.com",
            "bucket_prefix": "",
            "bucket_regional_domain_name": "shopmefy-deployments-b977cbd9.s3.us-east-1.amazonaws.com",
            "cors_rule": [],
            "force_destroy": true,
            "grant": [
              {
                "id": "3fd025719dd2b751ceb2326c5dff7665d7eec923985cf93f89831732e53263e1",
                "permissions": [
                  "FULL_CONTROL"
                ],
                "type": "CanonicalUser",
                "uri": ""
              }
            ],
            "hosted_zone_id": "Z3AQBSTGFYJSTF",
            "id": "shopmefy-deployments-b977cbd9",
            "lifecycle_rule": [],
            "logging": [],
            "object_lock_configuration": [],
            "object_lock_enabled": false,
            "policy": "",
            "region": "us-east-1",
            "replication_configuration": [],
            "request_payer": "BucketOwner",
            "server_side_encryption_configuration": [
              {
                "rule": [
                  {
                    "apply_server_side_encryption_by_default": [
                      {
                        "kms_master_key_id": "",
                        "sse_algorithm": "AES256"
                      }
                    ],
                    "bucket_key_enabled": false
                  }
                ]
              }
            ],
            "tags": {
              "Name": "shopmefy-deployments"
            },
            "tags_all": {
              "Name": "shopmefy-deployments",
              "Owner": "Andrea",
              "Project": "ShopMefy"
            },
            "timeouts": null,
            "versioning": [
              {
                "enabled": true,
                "mfa_delete": false
              }
            ],
            "website": [],
            "website_domain": null,
            "website_endpoint": null
          },
          "sensitive_attributes": [],
          "private": "eyJlMmJmYjczMC1lY2FhLTExZTYtOGY4OC0zNDM2M2JjN2M0YzAiOnsiY3JlYXRlIjoxMjAwMDAwMDAwMDAwLCJkZWxldGUiOjM2MDAwMDAwMDAwMDAsInJlYWQiOjEyMDAwMDAwMDAwMDAsInVwZGF0ZSI6MTIwMDAwMDAwMDAwMH19",
          "dependencies": [
            "random_id.bucket_suffix"
          ]
        }
      ]
    },
    {
      "mode": "managed",
      "type": "aws_s3_bucket_public_access_block",
      "name": "deployments",
      "provider": "provider[\"registry.terraform.io/hashicorp/aws\"]",
      "instances": [
        {
          "schema_version": 0,
          "attributes": {
            "block_public_acls": true,
            "block_public_policy": true,
            "bucket": "shopmefy-deployments-b977cbd9",
            "id": "shopmefy-deployments-b977cbd9",
            "ignore_public_acls": true,
            "restrict_public_buckets": true
          },
          "sensitive_attributes": [],
          "private": "bnVsbA==",
          "dependencies": [
            "aws_s3_bucket.deployments",
            "random_id.bucket_suffix"
          ]
        }
      ]
    },
    {
      "mode": "managed",
      "type": "aws_s3_bucket_server_side_encryption_configuration",
      "name": "deployments",
      "provider": "provider[\"registry.terraform.io/hashicorp/aws\"]",
      "instances": [
        {
          "schema_version": 0,
          "attributes": {
            "bucket": "shopmefy-deployments-b977cbd9",
            "expected_bucket_owner": "",
            "id": "shopmefy-deployments-b977cbd9",
            "rule": [
              {
                "apply_server_side_encryption_by_default": [
                  {
                    "kms_master_key_id": "",
                    "sse_algorithm": "AES256"
                  }
                ],
                "bucket_key_enabled": false
              }
            ]
          },
          "sensitive_attributes": [],
          "private": "bnVsbA==",
          "dependencies": [
            "aws_s3_bucket.deployments",
            "random_id.bucket_suffix"
          ]
        }
      ]
    },
    {
      "mode": "managed",
      "type": "aws_s3_bucket_versioning",
      "name": "deployments",
      "provider": "provider[\"registry.terraform.io/hashicorp/aws\"]",
      "instances": [
        {
          "schema_version": 0,
          "attributes": {
            "bucket": "shopmefy-deployments-b977cbd9",
            "expected_bucket_owner": "",
            "id": "shopmefy-deployments-b977cbd9",
            "mfa": null,
            "versioning_configuration": [
              {
                "mfa_delete": "",
                "status": "Enabled"
              }
            ]
          },
          "sensitive_attributes": [],
          "private": "bnVsbA==",
          "dependencies": [
            "aws_s3_bucket.deployments",
            "random_id.bucket_suffix"
          ]
        }
      ]
    },
    {
      "mode": "managed",
      "type": "aws_security_group",
      "name": "database",
      "provider": "provider[\"registry.terraform.io/hashicorp/aws\"]",
      "instances": [
        {
          "schema_version": 1,
          "attributes": {
            "arn": "arn:aws:ec2:us-east-1:006217752970:security-group/sg-07ce0e682014a2c92",
            "description": "Security group for RDS",
            "egress": [],
            "id": "sg-07ce0e682014a2c92",
            "ingress": [
              {
                "cidr_blocks": [],
                "description": "",
                "from_port": 5432,
                "ipv6_cidr_blocks": [],
                "prefix_list_ids": [],
                "protocol": "tcp",
                "security_groups": [
                  "sg-053d1ee5f0daa724d"
                ],
                "self": false,
                "to_port": 5432
              }
            ],
            "name": "shopmefy-db-20250605121240789000000002",
            "name_prefix": "shopmefy-db-",
            "owner_id": "006217752970",
            "revoke_rules_on_delete": false,
            "tags": {
              "Name": "shopmefy-db-sg"
            },
            "tags_all": {
              "Name": "shopmefy-db-sg",
              "Owner": "Andrea",
              "Project": "ShopMefy"
            },
            "timeouts": null,
            "vpc_id": "vpc-06ab86a4c7eb298a1"
          },
          "sensitive_attributes": [],
          "private": "eyJlMmJmYjczMC1lY2FhLTExZTYtOGY4OC0zNDM2M2JjN2M0YzAiOnsiY3JlYXRlIjo2MDAwMDAwMDAwMDAsImRlbGV0ZSI6OTAwMDAwMDAwMDAwfSwic2NoZW1hX3ZlcnNpb24iOiIxIn0=",
          "dependencies": [
            "aws_security_group.web",
            "data.aws_vpc.default"
          ]
        }
      ]
    },
    {
      "mode": "managed",
      "type": "aws_security_group",
      "name": "web",
      "provider": "provider[\"registry.terraform.io/hashicorp/aws\"]",
      "instances": [
        {
          "schema_version": 1,
          "attributes": {
            "arn": "arn:aws:ec2:us-east-1:006217752970:security-group/sg-053d1ee5f0daa724d",
            "description": "Security group for EC2",
            "egress": [
              {
                "cidr_blocks": [
                  "0.0.0.0/0"
                ],
                "description": "",
                "from_port": 0,
                "ipv6_cidr_blocks": [],
                "prefix_list_ids": [],
                "protocol": "-1",
                "security_groups": [],
                "self": false,
                "to_port": 0
              }
            ],
            "id": "sg-053d1ee5f0daa724d",
            "ingress": [
              {
                "cidr_blocks": [
                  "0.0.0.0/0"
                ],
                "description": "",
                "from_port": 22,
                "ipv6_cidr_blocks": [],
                "prefix_list_ids": [],
                "protocol": "tcp",
                "security_groups": [],
                "self": false,
                "to_port": 22
              },
              {
                "cidr_blocks": [
                  "0.0.0.0/0"
                ],
                "description": "",
                "from_port": 443,
                "ipv6_cidr_blocks": [],
                "prefix_list_ids": [],
                "protocol": "tcp",
                "security_groups": [],
                "self": false,
                "to_port": 443
              },
              {
                "cidr_blocks": [
                  "0.0.0.0/0"
                ],
                "description": "",
                "from_port": 8080,
                "ipv6_cidr_blocks": [],
                "prefix_list_ids": [],
                "protocol": "tcp",
                "security_groups": [],
                "self": false,
                "to_port": 8080
              },
              {
                "cidr_blocks": [
                  "0.0.0.0/0"
                ],
                "description": "",
                "from_port": 80,
                "ipv6_cidr_blocks": [],
                "prefix_list_ids": [],
                "protocol": "tcp",
                "security_groups": [],
                "self": false,
                "to_port": 80
              }
            ],
            "name": "shopmefy-web-20250605121237185000000001",
            "name_prefix": "shopmefy-web-",
            "owner_id": "006217752970",
            "revoke_rules_on_delete": false,
            "tags": {
              "Name": "shopmefy-web-sg"
            },
            "tags_all": {
              "Name": "shopmefy-web-sg",
              "Owner": "Andrea",
              "Project": "ShopMefy"
            },
            "timeouts": null,
            "vpc_id": "vpc-06ab86a4c7eb298a1"
          },
          "sensitive_attributes": [],
          "private": "eyJlMmJmYjczMC1lY2FhLTExZTYtOGY4OC0zNDM2M2JjN2M0YzAiOnsiY3JlYXRlIjo2MDAwMDAwMDAwMDAsImRlbGV0ZSI6OTAwMDAwMDAwMDAwfSwic2NoZW1hX3ZlcnNpb24iOiIxIn0=",
          "dependencies": [
            "data.aws_vpc.default"
          ]
        }
      ]
    },
    {
      "mode": "managed",
      "type": "aws_subnet",
      "name": "public_2",
      "provider": "provider[\"registry.terraform.io/hashicorp/aws\"]",
      "instances": [
        {
          "index_key": 0,
          "schema_version": 1,
          "attributes": {
            "arn": "arn:aws:ec2:us-east-1:006217752970:subnet/subnet-0cf767ed821fccfa8",
            "assign_ipv6_address_on_creation": false,
            "availability_zone": "us-east-1b",
            "availability_zone_id": "use1-az6",
            "cidr_block": "172.31.101.0/24",
            "customer_owned_ipv4_pool": "",
            "enable_dns64": false,
            "enable_lni_at_device_index": 0,
            "enable_resource_name_dns_a_record_on_launch": false,
            "enable_resource_name_dns_aaaa_record_on_launch": false,
            "id": "subnet-0cf767ed821fccfa8",
            "ipv6_cidr_block": "",
            "ipv6_cidr_block_association_id": "",
            "ipv6_native": false,
            "map_customer_owned_ip_on_launch": false,
            "map_public_ip_on_launch": true,
            "outpost_arn": "",
            "owner_id": "006217752970",
            "private_dns_hostname_type_on_launch": "ip-name",
            "tags": {
              "Name": "shopmefy-public-subnet-2"
            },
            "tags_all": {
              "Name": "shopmefy-public-subnet-2",
              "Owner": "Andrea",
              "Project": "ShopMefy"
            },
            "timeouts": null,
            "vpc_id": "vpc-06ab86a4c7eb298a1"
          },
          "sensitive_attributes": [],
          "private": "eyJlMmJmYjczMC1lY2FhLTExZTYtOGY4OC0zNDM2M2JjN2M0YzAiOnsiY3JlYXRlIjo2MDAwMDAwMDAwMDAsImRlbGV0ZSI6MTIwMDAwMDAwMDAwMH0sInNjaGVtYV92ZXJzaW9uIjoiMSJ9",
          "dependencies": [
            "data.aws_availability_zones.available",
            "data.aws_subnets.default",
            "data.aws_vpc.default"
          ]
        }
      ]
    },
    {
      "mode": "managed",
      "type": "random_id",
      "name": "bucket_suffix",
      "provider": "provider[\"registry.terraform.io/hashicorp/random\"]",
      "instances": [
        {
          "schema_version": 0,
          "attributes": {
            "b64_std": "uXfL2Q==",
            "b64_url": "uXfL2Q",
            "byte_length": 4,
            "dec": "3111635929",
            "hex": "b977cbd9",
            "id": "uXfL2Q",
            "keepers": null,
            "prefix": null
          },
          "sensitive_attributes": []
        }
      ]
    },
    {
      "mode": "managed",
      "type": "random_password",
      "name": "db_password",
      "provider": "provider[\"registry.terraform.io/hashicorp/random\"]",
      "instances": [
        {
          "schema_version": 3,
          "attributes": {
            "bcrypt_hash": "$2a$10$7nimwLnFKsBCdrBboFDJBek8GzoUdanHypDTo.a8koO.3F2ukbF9.",
            "id": "none",
            "keepers": null,
            "length": 16,
            "lower": true,
            "min_lower": 0,
            "min_numeric": 0,
            "min_special": 0,
            "min_upper": 0,
            "number": true,
            "numeric": true,
            "override_special": "!#$%\u0026*()-_=+[]{}\u003c\u003e:?",
            "result": "u5jK\u0026!lQ*HBp_q=f",
            "special": true,
            "upper": true
          },
          "sensitive_attributes": []
        }
      ]
    },
    {
      "mode": "managed",
      "type": "tls_private_key",
      "name": "main",
      "provider": "provider[\"registry.terraform.io/hashicorp/tls\"]",
      "instances": [
        {
          "schema_version": 1,
          "attributes": {
            "algorithm": "RSA",
            "ecdsa_curve": "P224",
            "id": "d669616e35179fdc4c69fb319c3d96c4d8cf4fdd",
            "private_key_openssh": "-----BEGIN OPENSSH PRIVATE KEY-----\nb3BlbnNzaC1rZXktdjEAAAAABG5vbmUAAAAEbm9uZQAAAAAAAAABAAACFwAAAAdz\nc2gtcnNhAAAAAwEAAQAAAgEA4VIWIuTIZ/QpcH0UhfkJ/eiCRE+snJtQNVx+c1//\n1GGvv/06bNmr4Qe6syvrcVBkdiPA5FBTacHJRFj8vru/tG7yUiZczSXf65Z5lbqc\n2JrjccVC8OAy0DXTIutf3RSN1kqKMhLfz1qhq5i1FuUsXQRpAZXLulFGeKUWIQo2\n38Xtg+5OHffj733fkEt6BYiB5Bbc+KkYg2hC1+FOe1+rFDPIUA0Ipw9dRI1Vj9O2\nB+jhSqwzL7A/cQxVkn1eVCmFQqPpGJeIJ+w3pMDWEAM/EC802Zs97j+bzCyX/lz/\n+84NA5BdsPbERG7xlaORGriiN8iSEQl6/L5kvk2Zhe+Hd8VkMhh7TMax1eIU5ICY\nsm/s2CUapbQ/RVmSuEtITMgJcLvDfpPG67d6jbGfa1iObgrRpLWQYLVgunNofLBV\n9yNN415tFuZzO/Dea8w5eEDF8ZKHIrO9w5iZo8Xa0vcW6/9Yji76zvoJ2QOIG5bY\nS6x/X64tefyVinXCbMNIDKzc/CcyKElTzxxzhWWx5nGM9gIaKr+8oqR1IEfk+Rt6\nrog2k4I3fKbz/LLPs0OOyapQdC95WJaOcVLB9OTrJ4A1LVrqbcqcLzFQIBqVmvJ1\nLHw9UfYYPW2dwpqxX84panHCpomNPNSlLvacArGjE0vcoSUQh3xXUmY+DU9a/qK4\nVjEAAAc4OHe72jh3u9oAAAAHc3NoLXJzYQAAAgEA4VIWIuTIZ/QpcH0UhfkJ/eiC\nRE+snJtQNVx+c1//1GGvv/06bNmr4Qe6syvrcVBkdiPA5FBTacHJRFj8vru/tG7y\nUiZczSXf65Z5lbqc2JrjccVC8OAy0DXTIutf3RSN1kqKMhLfz1qhq5i1FuUsXQRp\nAZXLulFGeKUWIQo238Xtg+5OHffj733fkEt6BYiB5Bbc+KkYg2hC1+FOe1+rFDPI\nUA0Ipw9dRI1Vj9O2B+jhSqwzL7A/cQxVkn1eVCmFQqPpGJeIJ+w3pMDWEAM/EC80\n2Zs97j+bzCyX/lz/+84NA5BdsPbERG7xlaORGriiN8iSEQl6/L5kvk2Zhe+Hd8Vk\nMhh7TMax1eIU5ICYsm/s2CUapbQ/RVmSuEtITMgJcLvDfpPG67d6jbGfa1iObgrR\npLWQYLVgunNofLBV9yNN415tFuZzO/Dea8w5eEDF8ZKHIrO9w5iZo8Xa0vcW6/9Y\nji76zvoJ2QOIG5bYS6x/X64tefyVinXCbMNIDKzc/CcyKElTzxxzhWWx5nGM9gIa\nKr+8oqR1IEfk+Rt6rog2k4I3fKbz/LLPs0OOyapQdC95WJaOcVLB9OTrJ4A1LVrq\nbcqcLzFQIBqVmvJ1LHw9UfYYPW2dwpqxX84panHCpomNPNSlLvacArGjE0vcoSUQ\nh3xXUmY+DU9a/qK4VjEAAAADAQABAAACAAiDrhN2er4240P9bgOcBA0ktpt3OUoX\nsmG504tvkr7HTDlgi88mMJEJ1jvECpsXExzFwBnAkU5bRMxA4pgghx9928lP6szT\nxBDmeES4rwmeXL7lWeC5UCI/DnHw3AgCKVPyMCOxQ+TVg2t1E07ArTr8mi01qGOr\ng5K2hk4MUUOGerG0FR6byfC4XHTa7Ur9PA9O792zohoBHBmFSY5u8IuMY2LnAy8w\n7PDUuGl9chD9c1n7hNml+te+RBOLij967C62++1yeHItwnKG2O/093KYnhIlBCOX\nIr+F5d52TDQLNsGuOGQiBwug958UdbzBQlwCR8a+CXg4h50LWKRPh1pknUTAyx2H\nj8/GrkwxOvZyvoPg7BJ1oHIwYXqu7OaL4MtzUwLkUWjsCLs9m/FTkk2TAI/IU2IG\nZGGbnjazhCHQyaq6KabFjSYvEFcxDlw8aNhikunflRYZxoQEN32XTfMUh7ulcHjH\nORpHmYsy+fNxej1fF8Uoll2ZLmtLl6yvvPiisiiJz3ETR4QT+I+4KFZhTkFKwUZp\nIaUJtO5fxdTQNtl7oPZ/hfhmYL+4WxuLnAJ/tv63w+RilC1Gwfp/jcZ9Mim/8TL2\nQpRp7v3Pgeqa6QyqmTX3D73Df4893nft5OefDO5HrVP2VykOxmlu3xqr4gksM2Ra\nnvvDwDVcTrYBAAABAHft7Wj8T0kwoe0w1bZsXyvYiMJ4jc7wppQh2+bEFk1cVPXI\nQCLm/m96uQ/kUwFTnfawiKgoTLCdUlMty6371TEoJS/CZ8c0rijzu/x+t8AeYjFV\nM2e1MwP66lrh9xRFNlwl8XlgfvdOhXkfbsZsXPeT/reCF+qnqvF1aaQ1kT5+DsqE\ni+J4qqt8GlW0+yogEKYRHI2yF4/Vk77T2nH5FxGDh2lUM/gQ2jiwYxwRSWfZt3mO\nR2Jf9FnMlVB11D/+0fKIXMPVejftSxGp7zfosIxd5fGs5jmzAFRUtfcTGU7lVK/V\nhYA/v7ueZueTopB/ECAyhnSj9RnlBlGch8d2pfAAAAEBAOOvXzTD4lE4pp0AH9SQ\nz3Hk90OyS2+/weNAbIZI+PRQMzl4R+s7ruJv2xpsl+XCKTAz6oWqE9d+9JSEsjA1\nItIrs/aGMts804gxfoS9RDKj1L/8LPrtXNljfaPkNzHyKjMgEeA8v153UAdkefbJ\nZsSsrnmEOiekl0aDa7l9jKbcr1TFUZAOB30Z0v6QxAH1qFW9Zi626HqT2n9PKEtZ\nwFkSdZGazFYVIMxTLrTRWkrFonr/ZMgIpEODb4Z0L0xtuIdORlyIlNPA9aXYN6wU\nbJ+WPH2P6MrLS7gCEgwTib5T2FSuxKuDTdjg/jeMbkxr/pkwcl9GR82VV0EL+v/J\nx0EAAAEBAP1XcPA88E6SArepOR4IpL28xCZPWVERSWKcnRTKqZjENyOpNS1YZ9cy\nXSufEBMP9l0BZl1DPzF3tqzTHXv1e3oshVNKs/R6m92wkfYF3T8sursmYngow+Yr\nraEBoy6ukDustXROSy5smO9W33B93zo+NuHy+qOhYt9w/JeRg3GYRQAIi0P/3FNc\n3U2vgmTVofVG8kF4jlf6X9k7M7f4WR4RYuQcFMtrwzXPDMpnO7d0Rd8eKk7zXAaN\n+iJT5mtC7e30O3kkg6C/HMIFGj4wJzMopwC8yQEgoagXX83L4mu1xMCsgbYew4jP\nmVa9DSrM8QG/0yNQWdRSQKcyuwQlQvEAAAAAAQID\n-----END OPENSSH PRIVATE KEY-----\n",
            "private_key_pem": "-----BEGIN RSA PRIVATE KEY-----\nMIIJKQIBAAKCAgEA4VIWIuTIZ/QpcH0UhfkJ/eiCRE+snJtQNVx+c1//1GGvv/06\nbNmr4Qe6syvrcVBkdiPA5FBTacHJRFj8vru/tG7yUiZczSXf65Z5lbqc2JrjccVC\n8OAy0DXTIutf3RSN1kqKMhLfz1qhq5i1FuUsXQRpAZXLulFGeKUWIQo238Xtg+5O\nHffj733fkEt6BYiB5Bbc+KkYg2hC1+FOe1+rFDPIUA0Ipw9dRI1Vj9O2B+jhSqwz\nL7A/cQxVkn1eVCmFQqPpGJeIJ+w3pMDWEAM/EC802Zs97j+bzCyX/lz/+84NA5Bd\nsPbERG7xlaORGriiN8iSEQl6/L5kvk2Zhe+Hd8VkMhh7TMax1eIU5ICYsm/s2CUa\npbQ/RVmSuEtITMgJcLvDfpPG67d6jbGfa1iObgrRpLWQYLVgunNofLBV9yNN415t\nFuZzO/Dea8w5eEDF8ZKHIrO9w5iZo8Xa0vcW6/9Yji76zvoJ2QOIG5bYS6x/X64t\nefyVinXCbMNIDKzc/CcyKElTzxxzhWWx5nGM9gIaKr+8oqR1IEfk+Rt6rog2k4I3\nfKbz/LLPs0OOyapQdC95WJaOcVLB9OTrJ4A1LVrqbcqcLzFQIBqVmvJ1LHw9UfYY\nPW2dwpqxX84panHCpomNPNSlLvacArGjE0vcoSUQh3xXUmY+DU9a/qK4VjECAwEA\nAQKCAgAIg64Tdnq+NuND/W4DnAQNJLabdzlKF7JhudOLb5K+x0w5YIvPJjCRCdY7\nxAqbFxMcxcAZwJFOW0TMQOKYIIcffdvJT+rM08QQ5nhEuK8Jnly+5VnguVAiPw5x\n8NwIAilT8jAjsUPk1YNrdRNOwK06/JotNahjq4OStoZODFFDhnqxtBUem8nwuFx0\n2u1K/TwPTu/ds6IaARwZhUmObvCLjGNi5wMvMOzw1LhpfXIQ/XNZ+4TZpfrXvkQT\ni4o/euwutvvtcnhyLcJyhtjv9PdymJ4SJQQjlyK/heXedkw0CzbBrjhkIgcLoPef\nFHW8wUJcAkfGvgl4OIedC1ikT4daZJ1EwMsdh4/Pxq5MMTr2cr6D4OwSdaByMGF6\nruzmi+DLc1MC5FFo7Ai7PZvxU5JNkwCPyFNiBmRhm542s4Qh0MmquimmxY0mLxBX\nMQ5cPGjYYpLp35UWGcaEBDd9l03zFIe7pXB4xzkaR5mLMvnzcXo9XxfFKJZdmS5r\nS5esr7z4orIoic9xE0eEE/iPuChWYU5BSsFGaSGlCbTuX8XU0DbZe6D2f4X4ZmC/\nuFsbi5wCf7b+t8PkYpQtRsH6f43GfTIpv/Ey9kKUae79z4HqmukMqpk19w+9w3+P\nPd537eTnnwzuR61T9lcpDsZpbt8aq+IJLDNkWp77w8A1XE62AQKCAQEA469fNMPi\nUTimnQAf1JDPceT3Q7JLb7/B40Bshkj49FAzOXhH6zuu4m/bGmyX5cIpMDPqhaoT\n1370lISyMDUi0iuz9oYy2zzTiDF+hL1EMqPUv/ws+u1c2WN9o+Q3MfIqMyAR4Dy/\nXndQB2R59slmxKyueYQ6J6SXRoNruX2MptyvVMVRkA4HfRnS/pDEAfWoVb1mLrbo\nepPaf08oS1nAWRJ1kZrMVhUgzFMutNFaSsWiev9kyAikQ4NvhnQvTG24h05GXIiU\n08D1pdg3rBRsn5Y8fY/oystLuAISDBOJvlPYVK7Eq4NN2OD+N4xuTGv+mTByX0ZH\nzZVXQQv6/8nHQQKCAQEA/Vdw8DzwTpICt6k5HgikvbzEJk9ZURFJYpydFMqpmMQ3\nI6k1LVhn1zJdK58QEw/2XQFmXUM/MXe2rNMde/V7eiyFU0qz9Hqb3bCR9gXdPyy6\nuyZieCjD5iutoQGjLq6QO6y1dE5LLmyY71bfcH3fOj424fL6o6Fi33D8l5GDcZhF\nAAiLQ//cU1zdTa+CZNWh9UbyQXiOV/pf2Tszt/hZHhFi5BwUy2vDNc8Mymc7t3RF\n3x4qTvNcBo36IlPma0Lt7fQ7eSSDoL8cwgUaPjAnMyinALzJASChqBdfzcvia7XE\nwKyBth7DiM+ZVr0NKszxAb/TI1BZ1FJApzK7BCVC8QKCAQEApISk26CrGJtBsPJV\nDahxbM/QZ0cewSmjNMzpXgK+ePK2gNFLzkq67H18qVRMUcWBM4Zf8KNbYPwoSGS1\nyKWseob/q6N+ffIuuxtgWxPTgm/lG7Bg5BO9YotETrdptppQKc8De68JbH30AtN0\nWYFf078e90k3KEwCzv3JSifRCQUvX6aQb/HjMV8GmdELAIt8Ti/j9N9PjrrlR9Zv\nvDqnBPWUpFhhS9ZKc7mrZxZbEupJpGyEaxHrd6kyXcn4H1as3oAN0XETcQrdtS9N\n0vaTIqFRJj1lLZvGI7jDR5yajD9TcqUyEOh4yLySlJrRXEEwn4plKjjDS2acvLCm\ndktbwQKCAQEAhMDbV6g3LJTqg59TZN+WpC5Ugta1sPtj/x6eWZTRRlIbqr4yNW7M\nC0JC/Ga/n52PtbDUGS7x4FQhD3MZUimS6LSHsNvGbOgK4SJzef4cr8walZNJqjmC\nXgypUWNwRTgIMJ0SAL4+OzeA9HoLYAE1hmmvjLssh648B2ZHlo0T2eS204umnp1m\nsPBKrzi3FWu1ELh6ncA0pvl2XHjfYxnqaQ0nSu1EIEx54Kp8w1tROZLeQkqmVPTF\nVlHzryVT6wUJdNW0jIiLySIcSbcux0OoZvB4grRqiAK3c0O8WjTqkxKO5YAAAJUi\nVYCjk4ZBbhoyeH4yf6DNUatAYdz9jvCPoQKCAQB37e1o/E9JMKHtMNW2bF8r2IjC\neI3O8KaUIdvmxBZNXFT1yEAi5v5verkP5FMBU532sIioKEywnVJTLcut+9UxKCUv\nwmfHNK4o87v8frfAHmIxVTNntTMD+upa4fcURTZcJfF5YH73ToV5H27GbFz3k/63\nghfqp6rxdWmkNZE+fg7KhIvieKqrfBpVtPsqIBCmERyNsheP1ZO+09px+RcRg4dp\nVDP4ENo4sGMcEUln2bd5jkdiX/RZzJVQddQ//tHyiFzD1Xo37UsRqe836LCMXeXx\nrOY5swBUVLX3ExlO5VSv1YWAP7+7nmbnk6KQfxAgMoZ0o/UZ5QZRnIfHdqXw\n-----END RSA PRIVATE KEY-----\n",
            "private_key_pem_pkcs8": "-----BEGIN PRIVATE KEY-----\nMIIJQwIBADANBgkqhkiG9w0BAQEFAASCCS0wggkpAgEAAoICAQDhUhYi5Mhn9Clw\nfRSF+Qn96IJET6ycm1A1XH5zX//UYa+//Tps2avhB7qzK+txUGR2I8DkUFNpwclE\nWPy+u7+0bvJSJlzNJd/rlnmVupzYmuNxxULw4DLQNdMi61/dFI3WSooyEt/PWqGr\nmLUW5SxdBGkBlcu6UUZ4pRYhCjbfxe2D7k4d9+Pvfd+QS3oFiIHkFtz4qRiDaELX\n4U57X6sUM8hQDQinD11EjVWP07YH6OFKrDMvsD9xDFWSfV5UKYVCo+kYl4gn7Dek\nwNYQAz8QLzTZmz3uP5vMLJf+XP/7zg0DkF2w9sREbvGVo5EauKI3yJIRCXr8vmS+\nTZmF74d3xWQyGHtMxrHV4hTkgJiyb+zYJRqltD9FWZK4S0hMyAlwu8N+k8brt3qN\nsZ9rWI5uCtGktZBgtWC6c2h8sFX3I03jXm0W5nM78N5rzDl4QMXxkocis73DmJmj\nxdrS9xbr/1iOLvrO+gnZA4gblthLrH9fri15/JWKdcJsw0gMrNz8JzIoSVPPHHOF\nZbHmcYz2Ahoqv7yipHUgR+T5G3quiDaTgjd8pvP8ss+zQ47JqlB0L3lYlo5xUsH0\n5OsngDUtWuptypwvMVAgGpWa8nUsfD1R9hg9bZ3CmrFfzilqccKmiY081KUu9pwC\nsaMTS9yhJRCHfFdSZj4NT1r+orhWMQIDAQABAoICAAiDrhN2er4240P9bgOcBA0k\ntpt3OUoXsmG504tvkr7HTDlgi88mMJEJ1jvECpsXExzFwBnAkU5bRMxA4pgghx99\n28lP6szTxBDmeES4rwmeXL7lWeC5UCI/DnHw3AgCKVPyMCOxQ+TVg2t1E07ArTr8\nmi01qGOrg5K2hk4MUUOGerG0FR6byfC4XHTa7Ur9PA9O792zohoBHBmFSY5u8IuM\nY2LnAy8w7PDUuGl9chD9c1n7hNml+te+RBOLij967C62++1yeHItwnKG2O/093KY\nnhIlBCOXIr+F5d52TDQLNsGuOGQiBwug958UdbzBQlwCR8a+CXg4h50LWKRPh1pk\nnUTAyx2Hj8/GrkwxOvZyvoPg7BJ1oHIwYXqu7OaL4MtzUwLkUWjsCLs9m/FTkk2T\nAI/IU2IGZGGbnjazhCHQyaq6KabFjSYvEFcxDlw8aNhikunflRYZxoQEN32XTfMU\nh7ulcHjHORpHmYsy+fNxej1fF8Uoll2ZLmtLl6yvvPiisiiJz3ETR4QT+I+4KFZh\nTkFKwUZpIaUJtO5fxdTQNtl7oPZ/hfhmYL+4WxuLnAJ/tv63w+RilC1Gwfp/jcZ9\nMim/8TL2QpRp7v3Pgeqa6QyqmTX3D73Df4893nft5OefDO5HrVP2VykOxmlu3xqr\n4gksM2RanvvDwDVcTrYBAoIBAQDjr180w+JROKadAB/UkM9x5PdDsktvv8HjQGyG\nSPj0UDM5eEfrO67ib9sabJflwikwM+qFqhPXfvSUhLIwNSLSK7P2hjLbPNOIMX6E\nvUQyo9S//Cz67VzZY32j5Dcx8iozIBHgPL9ed1AHZHn2yWbErK55hDonpJdGg2u5\nfYym3K9UxVGQDgd9GdL+kMQB9ahVvWYutuh6k9p/TyhLWcBZEnWRmsxWFSDMUy60\n0VpKxaJ6/2TICKRDg2+GdC9MbbiHTkZciJTTwPWl2DesFGyfljx9j+jKy0u4AhIM\nE4m+U9hUrsSrg03Y4P43jG5Ma/6ZMHJfRkfNlVdBC/r/ycdBAoIBAQD9V3DwPPBO\nkgK3qTkeCKS9vMQmT1lREUlinJ0UyqmYxDcjqTUtWGfXMl0rnxATD/ZdAWZdQz8x\nd7as0x179Xt6LIVTSrP0epvdsJH2Bd0/LLq7JmJ4KMPmK62hAaMurpA7rLV0Tksu\nbJjvVt9wfd86Pjbh8vqjoWLfcPyXkYNxmEUACItD/9xTXN1Nr4Jk1aH1RvJBeI5X\n+l/ZOzO3+FkeEWLkHBTLa8M1zwzKZzu3dEXfHipO81wGjfoiU+ZrQu3t9Dt5JIOg\nvxzCBRo+MCczKKcAvMkBIKGoF1/Ny+JrtcTArIG2HsOIz5lWvQ0qzPEBv9MjUFnU\nUkCnMrsEJULxAoIBAQCkhKTboKsYm0Gw8lUNqHFsz9BnRx7BKaM0zOleAr548raA\n0UvOSrrsfXypVExRxYEzhl/wo1tg/ChIZLXIpax6hv+ro3598i67G2BbE9OCb+Ub\nsGDkE71ii0ROt2m2mlApzwN7rwlsffQC03RZgV/Tvx73STcoTALO/clKJ9EJBS9f\nppBv8eMxXwaZ0QsAi3xOL+P030+OuuVH1m+8OqcE9ZSkWGFL1kpzuatnFlsS6kmk\nbIRrEet3qTJdyfgfVqzegA3RcRNxCt21L03S9pMioVEmPWUtm8YjuMNHnJqMP1Ny\npTIQ6HjIvJKUmtFcQTCfimUqOMNLZpy8sKZ2S1vBAoIBAQCEwNtXqDcslOqDn1Nk\n35akLlSC1rWw+2P/Hp5ZlNFGUhuqvjI1bswLQkL8Zr+fnY+1sNQZLvHgVCEPcxlS\nKZLotIew28Zs6ArhInN5/hyvzBqVk0mqOYJeDKlRY3BFOAgwnRIAvj47N4D0egtg\nATWGaa+MuyyHrjwHZkeWjRPZ5LbTi6aenWaw8EqvOLcVa7UQuHqdwDSm+XZceN9j\nGeppDSdK7UQgTHngqnzDW1E5kt5CSqZU9MVWUfOvJVPrBQl01bSMiIvJIhxJty7H\nQ6hm8HiCtGqIArdzQ7xaNOqTEo7lgAAAlSJVgKOThkFuGjJ4fjJ/oM1Rq0Bh3P2O\n8I+hAoIBAHft7Wj8T0kwoe0w1bZsXyvYiMJ4jc7wppQh2+bEFk1cVPXIQCLm/m96\nuQ/kUwFTnfawiKgoTLCdUlMty6371TEoJS/CZ8c0rijzu/x+t8AeYjFVM2e1MwP6\n6lrh9xRFNlwl8XlgfvdOhXkfbsZsXPeT/reCF+qnqvF1aaQ1kT5+DsqEi+J4qqt8\nGlW0+yogEKYRHI2yF4/Vk77T2nH5FxGDh2lUM/gQ2jiwYxwRSWfZt3mOR2Jf9FnM\nlVB11D/+0fKIXMPVejftSxGp7zfosIxd5fGs5jmzAFRUtfcTGU7lVK/VhYA/v7ue\nZueTopB/ECAyhnSj9RnlBlGch8d2pfA=\n-----END PRIVATE KEY-----\n",
            "public_key_fingerprint_md5": "dd:46:a3:73:28:ad:23:32:ea:fa:4c:bc:bb:f5:c6:2a",
            "public_key_fingerprint_sha256": "SHA256:4kR9O9hFKiJOapEbMEKdrOHsxdkv+GqzObPvnaeELpE",
            "public_key_openssh": "ssh-rsa AAAAB3NzaC1yc2EAAAADAQABAAACAQDhUhYi5Mhn9ClwfRSF+Qn96IJET6ycm1A1XH5zX//UYa+//Tps2avhB7qzK+txUGR2I8DkUFNpwclEWPy+u7+0bvJSJlzNJd/rlnmVupzYmuNxxULw4DLQNdMi61/dFI3WSooyEt/PWqGrmLUW5SxdBGkBlcu6UUZ4pRYhCjbfxe2D7k4d9+Pvfd+QS3oFiIHkFtz4qRiDaELX4U57X6sUM8hQDQinD11EjVWP07YH6OFKrDMvsD9xDFWSfV5UKYVCo+kYl4gn7DekwNYQAz8QLzTZmz3uP5vMLJf+XP/7zg0DkF2w9sREbvGVo5EauKI3yJIRCXr8vmS+TZmF74d3xWQyGHtMxrHV4hTkgJiyb+zYJRqltD9FWZK4S0hMyAlwu8N+k8brt3qNsZ9rWI5uCtGktZBgtWC6c2h8sFX3I03jXm0W5nM78N5rzDl4QMXxkocis73DmJmjxdrS9xbr/1iOLvrO+gnZA4gblthLrH9fri15/JWKdcJsw0gMrNz8JzIoSVPPHHOFZbHmcYz2Ahoqv7yipHUgR+T5G3quiDaTgjd8pvP8ss+zQ47JqlB0L3lYlo5xUsH05OsngDUtWuptypwvMVAgGpWa8nUsfD1R9hg9bZ3CmrFfzilqccKmiY081KUu9pwCsaMTS9yhJRCHfFdSZj4NT1r+orhWMQ==\n",
            "public_key_pem": "-----BEGIN PUBLIC KEY-----\nMIICIjANBgkqhkiG9w0BAQEFAAOCAg8AMIICCgKCAgEA4VIWIuTIZ/QpcH0UhfkJ\n/eiCRE+snJtQNVx+c1//1GGvv/06bNmr4Qe6syvrcVBkdiPA5FBTacHJRFj8vru/\ntG7yUiZczSXf65Z5lbqc2JrjccVC8OAy0DXTIutf3RSN1kqKMhLfz1qhq5i1FuUs\nXQRpAZXLulFGeKUWIQo238Xtg+5OHffj733fkEt6BYiB5Bbc+KkYg2hC1+FOe1+r\nFDPIUA0Ipw9dRI1Vj9O2B+jhSqwzL7A/cQxVkn1eVCmFQqPpGJeIJ+w3pMDWEAM/\nEC802Zs97j+bzCyX/lz/+84NA5BdsPbERG7xlaORGriiN8iSEQl6/L5kvk2Zhe+H\nd8VkMhh7TMax1eIU5ICYsm/s2CUapbQ/RVmSuEtITMgJcLvDfpPG67d6jbGfa1iO\nbgrRpLWQYLVgunNofLBV9yNN415tFuZzO/Dea8w5eEDF8ZKHIrO9w5iZo8Xa0vcW\n6/9Yji76zvoJ2QOIG5bYS6x/X64tefyVinXCbMNIDKzc/CcyKElTzxxzhWWx5nGM\n9gIaKr+8oqR1IEfk+Rt6rog2k4I3fKbz/LLPs0OOyapQdC95WJaOcVLB9OTrJ4A1\nLVrqbcqcLzFQIBqVmvJ1LHw9UfYYPW2dwpqxX84panHCpomNPNSlLvacArGjE0vc\noSUQh3xXUmY+DU9a/qK4VjECAwEAAQ==\n-----END PUBLIC KEY-----\n",
            "rsa_bits": 4096
          },
          "sensitive_attributes": []
        }
      ]
    }
  ],
  "check_results": null
}
